
Microsoft Visual Studio Solution File, Format Version 12.00
# Visual Studio Version 17
VisualStudioVersion = 17.11.35219.272
MinimumVisualStudioVersion = 10.0.40219.1
Project("{FAE04EC0-301F-11D3-BF4B-00C04F79EFBC}") = "FileSystemWatcher", "FileSystemWatcher.csproj", "{C2D9B19F-EA7F-4B3F-B808-EE79758FE9A3}"
EndProject
Global
	GlobalSection(SolutionConfigurationPlatforms) = preSolution
		Debug|Any CPU = Debug|Any CPU
		Release|Any CPU = Release|Any CPU
	EndGlobalSection
	GlobalSection(ProjectConfigurationPlatforms) = postSolution
		{C2D9B19F-EA7F-4B3F-B808-EE79758FE9A3}.Debug|Any CPU.ActiveCfg = Debug|Any CPU
		{C2D9B19F-EA7F-4B3F-B808-EE79758FE9A3}.Debug|Any CPU.Build.0 = Debug|Any CPU
		{C2D9B19F-EA7F-4B3F-B808-EE79758FE9A3}.Release|Any CPU.ActiveCfg = Release|Any CPU
		{C2D9B19F-EA7F-4B3F-B808-EE79758FE9A3}.Release|Any CPU.Build.0 = Release|Any CPU
	EndGlobalSection
	GlobalSection(SolutionProperties) = preSolution
		HideSolutionNode = FALSE
	EndGlobalSection
	GlobalSection(ExtensibilityGlobals) = postSolution
		SolutionGuid = {53B5259D-0E32-442E-B8EE-EA7F4FF5B609}
	EndGlobalSection
EndGlobal
